
Microsoft Visual Studio Solution File, Format Version 12.00
# Visual Studio Version 17
VisualStudioVersion = 17.2.32630.192
MinimumVisualStudioVersion = 10.0.40219.1
Project("{FAE04EC0-301F-11D3-BF4B-00C04F79EFBC}") = "Login Page", "Login Page\Login Page.csproj", "{D4EF09AE-EF82-4912-9B37-B52073CBBF13}"
EndProject
Global
	GlobalSection(SolutionConfigurationPlatforms) = preSolution
		Debug|Any CPU = Debug|Any CPU
		Release|Any CPU = Release|Any CPU
	EndGlobalSection
	GlobalSection(ProjectConfigurationPlatforms) = postSolution
		{D4EF09AE-EF82-4912-9B37-B52073CBBF13}.Debug|Any CPU.ActiveCfg = Debug|Any CPU
		{D4EF09AE-EF82-4912-9B37-B52073CBBF13}.Debug|Any CPU.Build.0 = Debug|Any CPU
		{D4EF09AE-EF82-4912-9B37-B52073CBBF13}.Release|Any CPU.ActiveCfg = Release|Any CPU
		{D4EF09AE-EF82-4912-9B37-B52073CBBF13}.Release|Any CPU.Build.0 = Release|Any CPU
	EndGlobalSection
	GlobalSection(SolutionProperties) = preSolution
		HideSolutionNode = FALSE
	EndGlobalSection
	GlobalSection(ExtensibilityGlobals) = postSolution
		SolutionGuid = {17639369-5801-4FA0-BC4C-BA553FD30A1D}
	EndGlobalSection
EndGlobal
